
Microsoft Visual Studio Solution File, Format Version 12.00
# Visual Studio 15
VisualStudioVersion = 15.0.28010.2016
MinimumVisualStudioVersion = 10.0.40219.1
Project("{FAE04EC0-301F-11D3-BF4B-00C04F79EFBC}") = "WDCheWei-task2", "WDCheWei-task2\WDCheWei-task2.csproj", "{A8C0739B-CEB5-4E1D-A8BE-0485F272B2C9}"
EndProject
Global
	GlobalSection(SolutionConfigurationPlatforms) = preSolution
		Debug|Any CPU = Debug|Any CPU
		Release|Any CPU = Release|Any CPU
	EndGlobalSection
	GlobalSection(ProjectConfigurationPlatforms) = postSolution
		{A8C0739B-CEB5-4E1D-A8BE-0485F272B2C9}.Debug|Any CPU.ActiveCfg = Debug|Any CPU
		{A8C0739B-CEB5-4E1D-A8BE-0485F272B2C9}.Debug|Any CPU.Build.0 = Debug|Any CPU
		{A8C0739B-CEB5-4E1D-A8BE-0485F272B2C9}.Release|Any CPU.ActiveCfg = Release|Any CPU
		{A8C0739B-CEB5-4E1D-A8BE-0485F272B2C9}.Release|Any CPU.Build.0 = Release|Any CPU
	EndGlobalSection
	GlobalSection(SolutionProperties) = preSolution
		HideSolutionNode = FALSE
	EndGlobalSection
	GlobalSection(ExtensibilityGlobals) = postSolution
		SolutionGuid = {42E45934-6EEB-42A8-BF1C-63DD50A638D3}
	EndGlobalSection
EndGlobal
